
Microsoft Visual Studio Solution File, Format Version 12.00
# Visual Studio Version 16
VisualStudioVersion = 16.0.29215.179
MinimumVisualStudioVersion = 10.0.40219.1
Project("{FAE04EC0-301F-11D3-BF4B-00C04F79EFBC}") = "CSharpInheritanceExample_Part1", "CSharpInheritanceExample_Part1\CSharpInheritanceExample_Part1.csproj", "{663E30F5-C705-46ED-B21B-6C50CBD05E33}"
EndProject
Global
	GlobalSection(SolutionConfigurationPlatforms) = preSolution
		Debug|Any CPU = Debug|Any CPU
		Release|Any CPU = Release|Any CPU
	EndGlobalSection
	GlobalSection(ProjectConfigurationPlatforms) = postSolution
		{663E30F5-C705-46ED-B21B-6C50CBD05E33}.Debug|Any CPU.ActiveCfg = Debug|Any CPU
		{663E30F5-C705-46ED-B21B-6C50CBD05E33}.Debug|Any CPU.Build.0 = Debug|Any CPU
		{663E30F5-C705-46ED-B21B-6C50CBD05E33}.Release|Any CPU.ActiveCfg = Release|Any CPU
		{663E30F5-C705-46ED-B21B-6C50CBD05E33}.Release|Any CPU.Build.0 = Release|Any CPU
	EndGlobalSection
	GlobalSection(SolutionProperties) = preSolution
		HideSolutionNode = FALSE
	EndGlobalSection
	GlobalSection(ExtensibilityGlobals) = postSolution
		SolutionGuid = {881CD04E-FC6A-4376-8054-2950C9477FBC}
	EndGlobalSection
EndGlobal
